# Generated by pub
# See https://dart.dev/tools/pub/glossary#lockfile
packages:
  _fe_analyzer_shared:
    dependency: transitive
    description:
      name: _fe_analyzer_shared
      sha256: e6dd5609f0945ef6bc72bdcd28af6eeabefef99a6d62b7790320133789217759
      url: "https://pub.dev"
    source: hosted
    version: "38.0.0"
  analyzer:
    dependency: transitive
    description:
      name: analyzer
      sha256: c71e50e4e1674c9ffeaf053bb8d38e4a03b94d08af6a27fb352f3ff569becc44
      url: "https://pub.dev"
    source: hosted
    version: "3.4.1"
  archive:
    dependency: transitive
    description:
      name: archive
      sha256: eb33140ede1b4039f4ad631f7bf3cfa58e24514e8bf87184bc32f17541af87fc
      url: "https://pub.dev"
    source: hosted
    version: "3.3.0"
  args:
    dependency: transitive
    description:
      name: args
      sha256: "37a4264b0b7fb930e94c0c47558f3b6c4f4e9cb7e655a3ea373131d79b2dc0cc"
      url: "https://pub.dev"
    source: hosted
    version: "2.0.0"
  async:
    dependency: transitive
    description:
      name: async
      sha256: bfe67ef28df125b7dddcea62755991f807aa39a2492a23e1550161692950bbe0
      url: "https://pub.dev"
    source: hosted
    version: "2.10.0"
  auto_route:
    dependency: "direct main"
    description:
      name: auto_route
      sha256: ff22bcd301893269d91de0344e09fa77553dfff48678f57faec3a668f5d7891f
      url: "https://pub.dev"
    source: hosted
    version: "3.2.4"
  auto_route_generator:
    dependency: "direct dev"
    description:
      name: auto_route_generator
      sha256: "24d4de2b456ce24d5989010a35a29941ca70b302838ffe4303b8d0e9a2fb5e7a"
      url: "https://pub.dev"
    source: hosted
    version: "3.2.3"
  bloc:
    dependency: transitive
    description:
      name: bloc
      sha256: "6f1b87b6eca9041d5672b6e29273cd1594db48ebb66fd2471066e9f3c3a516bd"
      url: "https://pub.dev"
    source: hosted
    version: "7.2.1"
  boolean_selector:
    dependency: transitive
    description:
      name: boolean_selector
      sha256: "6cfb5af12253eaf2b368f07bacc5a80d1301a071c73360d746b7f2e32d762c66"
      url: "https://pub.dev"
    source: hosted
    version: "2.1.1"
  build:
    dependency: transitive
    description:
      name: build
      sha256: c9b6c412967d7887e88efe1ffbfe0f31bfaf6a5a4b98eb8d59964977a90f2f9e
      url: "https://pub.dev"
    source: hosted
    version: "2.2.1"
  build_config:
    dependency: transitive
    description:
      name: build_config
      sha256: ad77deb6e9c143a3f550fbb4c5c1e0c6aadabe24274898d06b9526c61b9cf4fb
      url: "https://pub.dev"
    source: hosted
    version: "1.0.0"
  build_daemon:
    dependency: transitive
    description:
      name: build_daemon
      sha256: "4e2dbfa914f99bca9c447ba5aaa572edf7335a71717944e4ab2e26ca079e7f79"
      url: "https://pub.dev"
    source: hosted
    version: "3.0.1"
  build_resolvers:
    dependency: transitive
    description:
      name: build_resolvers
      sha256: "4666aef1d045c5ca15ebba63e400bd4e4fbd9f0dd06e791b51ab210da78a27f7"
      url: "https://pub.dev"
    source: hosted
    version: "2.0.6"
  build_runner:
    dependency: "direct dev"
    description:
      name: build_runner
      sha256: "10db5257d440c097c90bbfdaec0d60654537fbfc46a1d504081699b800ae629e"
      url: "https://pub.dev"
    source: hosted
    version: "2.1.8"
  build_runner_core:
    dependency: transitive
    description:
      name: build_runner_core
      sha256: "0db1b64c84fa803603fa406f8721959036e898cc9575d6ce4a3067581b9276c0"
      url: "https://pub.dev"
    source: hosted
    version: "7.2.2"
  built_collection:
    dependency: transitive
    description:
      name: built_collection
      sha256: "376e3dd27b51ea877c28d525560790aee2e6fbb5f20e2f85d5081027d94e2100"
      url: "https://pub.dev"
    source: hosted
    version: "5.1.1"
  built_value:
    dependency: transitive
    description:
      name: built_value
      sha256: b6c9911b2d670376918d5b8779bc27e0e612a94ec3ff0343689e991d8d0a3b8a
      url: "https://pub.dev"
    source: hosted
    version: "8.1.4"
  characters:
    dependency: transitive
    description:
      name: characters
      sha256: e6a326c8af69605aec75ed6c187d06b349707a27fbff8222ca9cc2cff167975c
      url: "https://pub.dev"
    source: hosted
    version: "1.2.1"
  charcode:
    dependency: transitive
    description:
      name: charcode
      sha256: fb98c0f6d12c920a02ee2d998da788bca066ca5f148492b7085ee23372b12306
      url: "https://pub.dev"
    source: hosted
    version: "1.3.1"
  checked_yaml:
    dependency: transitive
    description:
      name: checked_yaml
      sha256: dd007e4fb8270916820a0d66e24f619266b60773cddd082c6439341645af2659
      url: "https://pub.dev"
    source: hosted
    version: "2.0.1"
  clock:
    dependency: transitive
    description:
      name: clock
      sha256: cb6d7f03e1de671e34607e909a7213e31d7752be4fb66a86d29fe1eb14bfb5cf
      url: "https://pub.dev"
    source: hosted
    version: "1.1.1"
  code_builder:
    dependency: transitive
    description:
      name: code_builder
      sha256: bdb1ab29be158c4784d7f9b7b693745a0719c5899e31c01112782bb1cb871e80
      url: "https://pub.dev"
    source: hosted
    version: "4.1.0"
  collection:
    dependency: transitive
    description:
      name: collection
      sha256: cfc915e6923fe5ce6e153b0723c753045de46de1b4d63771530504004a45fae0
      url: "https://pub.dev"
    source: hosted
    version: "1.17.0"
  connectivity:
    dependency: "direct main"
    description:
      name: connectivity
      sha256: a8e91263cf3e25fb5cc95e19dfde4999e32a648ac3b9e8a558a28165731678f8
      url: "https://pub.dev"
    source: hosted
    version: "3.0.6"
  connectivity_for_web:
    dependency: transitive
    description:
      name: connectivity_for_web
      sha256: "01a390c1d5adc2ed1fa1f52d120c07fe9fd01166a93f965a832fd6cfc0ea6482"
      url: "https://pub.dev"
    source: hosted
    version: "0.4.0+1"
  connectivity_macos:
    dependency: transitive
    description:
      name: connectivity_macos
      sha256: "51ae08d5162eca9669b9d8951ed83ce19c5355a81149f94e4dee2740beb93628"
      url: "https://pub.dev"
    source: hosted
    version: "0.2.1+2"
  connectivity_platform_interface:
    dependency: transitive
    description:
      name: connectivity_platform_interface
      sha256: "2d82e942df9d49f29a24bb07fb5ce085d4a53e47818c62364d2b6deb9e0d7a8e"
      url: "https://pub.dev"
    source: hosted
    version: "2.0.1"
  convert:
    dependency: transitive
    description:
      name: convert
      sha256: f08428ad63615f96a27e34221c65e1a451439b5f26030f78d790f461c686d65d
      url: "https://pub.dev"
    source: hosted
    version: "3.0.1"
  cross_connectivity:
    dependency: "direct main"
    description:
      name: cross_connectivity
      sha256: "757c595b5912bc55011756112f6efa3b07fac717ceba3d35b403cce0e26475ea"
      url: "https://pub.dev"
    source: hosted
    version: "3.0.3"
  crypto:
    dependency: transitive
    description:
      name: crypto
      sha256: cf75650c66c0316274e21d7c43d3dea246273af5955bd94e8184837cd577575c
      url: "https://pub.dev"
    source: hosted
    version: "3.0.1"
  csslib:
    dependency: transitive
    description:
      name: csslib
      sha256: d1cd6d6e4b39a4ad295204722b8608f19981677b223f3e942c0b5a33dcf57ec0
      url: "https://pub.dev"
    source: hosted
    version: "0.17.1"
  cupertino_icons:
    dependency: "direct main"
    description:
      name: cupertino_icons
      sha256: "1989d917fbe8e6b39806207df5a3fdd3d816cbd090fac2ce26fb45e9a71476e5"
      url: "https://pub.dev"
    source: hosted
    version: "1.0.4"
  dart_style:
    dependency: transitive
    description:
      name: dart_style
      sha256: "959d3de27b5e0713f954643ee38619551da06e61e08088968fe7e1eb0cd720b1"
      url: "https://pub.dev"
    source: hosted
    version: "2.2.2"
  dio:
    dependency: "direct main"
    description:
      name: dio
      sha256: "826fe22555382414f5b470479226891cddd4821295fd1de299276fe18844a60f"
      url: "https://pub.dev"
    source: hosted
    version: "4.0.1"
  easy_debounce:
    dependency: "direct main"
    description:
      name: easy_debounce
      sha256: c9ad18145bbb22eab4f6d3e7618e2d6e2be224a5e5470f6839db23e650cd43b1
      url: "https://pub.dev"
    source: hosted
    version: "2.0.2+1"
  fake_async:
    dependency: transitive
    description:
      name: fake_async
      sha256: "511392330127add0b769b75a987850d136345d9227c6b94c96a04cf4a391bf78"
      url: "https://pub.dev"
    source: hosted
    version: "1.3.1"
  ffi:
    dependency: transitive
    description:
      name: ffi
      sha256: "35d0f481d939de0d640b3db9a7aa36a52cd22054a798a73b4f50bdad5ce12678"
      url: "https://pub.dev"
    source: hosted
    version: "1.1.2"
  file:
    dependency: transitive
    description:
      name: file
      sha256: b69516f2c26a5bcac4eee2e32512e1a5205ab312b3536c1c1227b2b942b5f9ad
      url: "https://pub.dev"
    source: hosted
    version: "6.1.2"
  firebase_auth:
    dependency: "direct main"
    description:
      name: firebase_auth
      sha256: "8a6f30c00be9ad36c9c9490f54ea81ef9dc0dbf163fa03581c90cf37ab2d4517"
      url: "https://pub.dev"
    source: hosted
    version: "3.3.11"
  firebase_auth_platform_interface:
    dependency: transitive
    description:
      name: firebase_auth_platform_interface
      sha256: "76574d0d4bc8ea4d46ba539696b788cca38e2391ba82b3fbe5d3a3d04cb262b3"
      url: "https://pub.dev"
    source: hosted
    version: "6.2.2"
  firebase_auth_web:
    dependency: transitive
    description:
      name: firebase_auth_web
      sha256: "0e1584a683349a696f6c1e42b5038dc8a1917d50e564523d2edf489ab11c087d"
      url: "https://pub.dev"
    source: hosted
    version: "3.3.10"
  firebase_core:
    dependency: "direct main"
    description:
      name: firebase_core
      sha256: "2734531342794c847420f92ae85cc35c12135203ff919c2c5d4cfbca5d2de7bc"
      url: "https://pub.dev"
    source: hosted
    version: "1.13.1"
  firebase_core_platform_interface:
    dependency: transitive
    description:
      name: firebase_core_platform_interface
      sha256: "3ddf85857836d32d09e6f77dd7f51f81899a836cf19670970b70e101d93539fd"
      url: "https://pub.dev"
    source: hosted
    version: "4.2.5"
  firebase_core_web:
    dependency: transitive
    description:
      name: firebase_core_web
      sha256: "93cd5b67a433f07ca503258781680fc29810607adf412dbb20a7e491b3fd19cb"
      url: "https://pub.dev"
    source: hosted
    version: "1.6.1"
  fixnum:
    dependency: transitive
    description:
      name: fixnum
      sha256: "6a2ef17156f4dc49684f9d99aaf4a93aba8ac49f5eac861755f5730ddf6e2e4e"
      url: "https://pub.dev"
    source: hosted
    version: "1.0.0"
  flutter:
    dependency: "direct main"
    description: flutter
    source: sdk
    version: "0.0.0"
  flutter_bloc:
    dependency: "direct main"
    description:
      name: flutter_bloc
      sha256: a359f3f7700813aad769016c2ee1196234e16cff66715420ff97ba75f4cd490c
      url: "https://pub.dev"
    source: hosted
    version: "7.0.1"
  flutter_facebook_auth:
    dependency: "direct main"
    description:
      name: flutter_facebook_auth
      sha256: "9e606d7cabb96349a8ed8ef3b21f395f9d2bcc2daabb3e404d43045b970e9029"
      url: "https://pub.dev"
    source: hosted
    version: "3.5.0+1"
  flutter_facebook_auth_platform_interface:
    dependency: transitive
    description:
      name: flutter_facebook_auth_platform_interface
      sha256: aaf0aaa0d707971c197bf26dd2e53a6d392e546e44a2d3d4df65d57d72e75acd
      url: "https://pub.dev"
    source: hosted
    version: "2.8.0"
  flutter_facebook_auth_web:
    dependency: transitive
    description:
      name: flutter_facebook_auth_web
      sha256: "7845becbe9631400caa9a86557382431cef72e5530f2b809cfbc69587c0d119d"
      url: "https://pub.dev"
    source: hosted
    version: "2.6.0+2"
  flutter_form_builder:
    dependency: "direct main"
    description:
      name: flutter_form_builder
      sha256: "910292fcf9636093f946e87ad57269321666b7a090f95698784e742df2e19152"
      url: "https://pub.dev"
    source: hosted
    version: "7.1.1"
  flutter_launcher_icons:
    dependency: "direct dev"
    description:
      name: flutter_launcher_icons
      sha256: "1f7723d73e938ce77436cdde0c2b6c39178e812b82f0c0c15ba79d6125da5358"
      url: "https://pub.dev"
    source: hosted
    version: "0.9.0"
  flutter_lints:
    dependency: "direct dev"
    description:
      name: flutter_lints
      sha256: "37cdafb9c3a0790cc8f59d72bb8ff2e65cf550e31a655a596d81c5ac78cf893c"
      url: "https://pub.dev"
    source: hosted
    version: "1.0.0"
  flutter_localizations:
    dependency: "direct main"
    description: flutter
    source: sdk
    version: "0.0.0"
  flutter_redux:
    dependency: "direct main"
    description:
      name: flutter_redux
      sha256: "8985fd9a4f4016be6acc058818b7bc4cd43f65d134e6507a6e017ac5b499cd82"
      url: "https://pub.dev"
    source: hosted
    version: "0.8.2"
  flutter_svg:
    dependency: "direct main"
    description:
      name: flutter_svg
      sha256: "9ac1967e2f72a08af11b05b39167920f90d043cf67163d13a544a358c8f31afa"
      url: "https://pub.dev"
    source: hosted
    version: "0.22.0"
  flutter_test:
    dependency: "direct dev"
    description: flutter
    source: sdk
    version: "0.0.0"
  flutter_web_plugins:
    dependency: transitive
    description: flutter
    source: sdk
    version: "0.0.0"
  form_builder_validators:
    dependency: "direct main"
    description:
      name: form_builder_validators
      sha256: bc6fdc1707775cba1eb343502bd44fcf2035e2e4e0e5b03048e55cefb24f5b32
      url: "https://pub.dev"
    source: hosted
    version: "7.7.0"
  freezed:
    dependency: "direct main"
    description:
      name: freezed
      sha256: cb2313af67206bcb836272ba55d8d608305d91776dc573bddb828bfe1a4d5959
      url: "https://pub.dev"
    source: hosted
    version: "1.1.1"
  freezed_annotation:
    dependency: "direct dev"
    description:
      name: freezed_annotation
      sha256: "1be037f901137bf2b9a0c309e9bf2694d6ec77687645211218191ade4f41a4b8"
      url: "https://pub.dev"
    source: hosted
    version: "1.1.0"
  frontend_server_client:
    dependency: transitive
    description:
      name: frontend_server_client
      sha256: "6d2930621b9377f6a4b7d260fce525d48dd77a334f0d5d4177d07b0dcb76c032"
      url: "https://pub.dev"
    source: hosted
    version: "2.1.2"
  get_it:
    dependency: "direct main"
    description:
      name: get_it
      sha256: "290fde3a86072e4b37dbb03c07bec6126f0ecc28dad403c12ffe2e5a2d751ab7"
      url: "https://pub.dev"
    source: hosted
    version: "7.2.0"
  glob:
    dependency: transitive
    description:
      name: glob
      sha256: "8321dd2c0ab0683a91a51307fa844c6db4aa8e3981219b78961672aaab434658"
      url: "https://pub.dev"
    source: hosted
    version: "2.0.2"
  google_fonts:
    dependency: "direct main"
    description:
      name: google_fonts
      sha256: "8729bcb3d4226758859855dd7b9124a49d6acb4d197f58a18a34597ca10056e8"
      url: "https://pub.dev"
    source: hosted
    version: "2.2.0"
  google_sign_in:
    dependency: "direct main"
    description:
      name: google_sign_in
      sha256: "9f22c1a6d231d120c12def3a91b899da4823d690c225e94899f7b41aed245751"
      url: "https://pub.dev"
    source: hosted
    version: "5.2.4"
  google_sign_in_platform_interface:
    dependency: transitive
    description:
      name: google_sign_in_platform_interface
      sha256: "62bf8abba105ddd4adcb807f7dd2ad52790a5a91f03876c8e08f13852879f3e5"
      url: "https://pub.dev"
    source: hosted
    version: "2.1.2"
  google_sign_in_web:
    dependency: transitive
    description:
      name: google_sign_in_web
      sha256: "4c860532933031203e5902faf24a137a98b57ed6dee858f518ba44679ed90901"
      url: "https://pub.dev"
    source: hosted
    version: "0.10.0+5"
  graphs:
    dependency: transitive
    description:
      name: graphs
      sha256: ae0b3d956ff324c6f8671f08dcb2dbd71c99cdbf2aa3ca63a14190c47aa6679c
      url: "https://pub.dev"
    source: hosted
    version: "2.1.0"
  hive:
    dependency: "direct main"
    description:
      name: hive
      sha256: a1f4139652c24d013a509a939eea7897db5e7bd8f64d0d32ef692d6f324d767d
      url: "https://pub.dev"
    source: hosted
    version: "2.0.4"
  hive_flutter:
    dependency: "direct main"
    description:
      name: hive_flutter
      sha256: dca1da446b1d808a51689fb5d0c6c9510c0a2ba01e22805d492c73b68e33eecc
      url: "https://pub.dev"
    source: hosted
    version: "1.1.0"
  hive_generator:
    dependency: "direct dev"
    description:
      name: hive_generator
      sha256: dda482242c0990f7f7465cd0bbb158d39620b4e8572524d9a06ffbb9060fc64e
      url: "https://pub.dev"
    source: hosted
    version: "1.1.2"
  html:
    dependency: transitive
    description:
      name: html
      sha256: bfef906cbd4e78ef49ae511d9074aebd1d2251482ef601a280973e8b58b51bbf
      url: "https://pub.dev"
    source: hosted
    version: "0.15.0"
  http:
    dependency: transitive
    description:
      name: http
      sha256: "2ed163531e071c2c6b7c659635112f24cb64ecbebf6af46b550d536c0b1aa112"
      url: "https://pub.dev"
    source: hosted
    version: "0.13.4"
  http_multi_server:
    dependency: transitive
    description:
      name: http_multi_server
      sha256: ab298ef2b2acd283bd36837df7801dcf6e6b925f8da6e09efb81111230aa9037
      url: "https://pub.dev"
    source: hosted
    version: "3.2.0"
  http_parser:
    dependency: "direct main"
    description:
      name: http_parser
      sha256: e362d639ba3bc07d5a71faebb98cde68c05bfbcfbbb444b60b6f60bb67719185
      url: "https://pub.dev"
    source: hosted
    version: "4.0.0"
  image:
    dependency: transitive
    description:
      name: image
      sha256: "02bafd3b4f399bfeb10034deba9753d93b55ce41cd0c4d3d8b355626f80e5b32"
      url: "https://pub.dev"
    source: hosted
    version: "3.1.3"
  injectable:
    dependency: "direct main"
    description:
      name: injectable
      sha256: "61976e14592c9424124d744267a0333268d5fb119344b3bc9c09c7e6eae8da01"
      url: "https://pub.dev"
    source: hosted
    version: "1.5.3"
  injectable_generator:
    dependency: "direct dev"
    description:
      name: injectable_generator
      sha256: "42300c16af412df828a8ebb392c44102c925bec9067cb6de205638f57c1d5d13"
      url: "https://pub.dev"
    source: hosted
    version: "1.5.3"
  intl:
    dependency: "direct main"
    description:
      name: intl
      sha256: "910f85bce16fb5c6f614e117efa303e85a1731bb0081edf3604a2ae6e9a3cc91"
      url: "https://pub.dev"
    source: hosted
    version: "0.17.0"
  io:
    dependency: transitive
    description:
      name: io
      sha256: "0d4c73c3653ab85bf696d51a9657604c900a370549196a91f33e4c39af760852"
      url: "https://pub.dev"
    source: hosted
    version: "1.0.3"
  js:
    dependency: transitive
    description:
      name: js
      sha256: "5528c2f391ededb7775ec1daa69e65a2d61276f7552de2b5f7b8d34ee9fd4ab7"
      url: "https://pub.dev"
    source: hosted
    version: "0.6.5"
  json_annotation:
    dependency: "direct main"
    description:
      name: json_annotation
      sha256: "2639efc0237c7b71c6584696c0847ea4e4733ddaf571ae9c79d5295e8ae17272"
      url: "https://pub.dev"
    source: hosted
    version: "4.4.0"
  json_serializable:
    dependency: "direct main"
    description:
      name: json_serializable
      sha256: a53cf24d6fcb43661c31c3eb43dd1832b71abc8b62afa59be909416140a08610
      url: "https://pub.dev"
    source: hosted
    version: "6.1.5"
  lints:
    dependency: transitive
    description:
      name: lints
      sha256: a2c3d198cb5ea2e179926622d433331d8b58374ab8f29cdda6e863bd62fd369c
      url: "https://pub.dev"
    source: hosted
    version: "1.0.1"
  logger:
    dependency: "direct main"
    description:
      name: logger
      sha256: "6a4002cf63953ea2fd6c50d9be53dc1d2c70ecc92711a5ac3d1d93ac409087ce"
      url: "https://pub.dev"
    source: hosted
    version: "1.0.0"
  logging:
    dependency: transitive
    description:
      name: logging
      sha256: "293ae2d49fd79d4c04944c3a26dfd313382d5f52e821ec57119230ae16031ad4"
      url: "https://pub.dev"
    source: hosted
    version: "1.0.2"
  lottie:
    dependency: "direct main"
    description:
      name: lottie
      sha256: c24e6c9ec37e07810b6242e143d06f219a5c5d1fb8491c242a0d421812541704
      url: "https://pub.dev"
    source: hosted
    version: "1.2.2"
  matcher:
    dependency: transitive
    description:
      name: matcher
      sha256: "16db949ceee371e9b99d22f88fa3a73c4e59fd0afed0bd25fc336eb76c198b72"
      url: "https://pub.dev"
    source: hosted
    version: "0.12.13"
  material_color_utilities:
    dependency: transitive
    description:
      name: material_color_utilities
      sha256: d92141dc6fe1dad30722f9aa826c7fbc896d021d792f80678280601aff8cf724
      url: "https://pub.dev"
    source: hosted
    version: "0.2.0"
  meta:
    dependency: transitive
    description:
      name: meta
      sha256: "6c268b42ed578a53088d834796959e4a1814b5e9e164f147f580a386e5decf42"
      url: "https://pub.dev"
    source: hosted
    version: "1.8.0"
  mime:
    dependency: transitive
    description:
      name: mime
      sha256: fd5f81041e6a9fc9b9d7fa2cb8a01123f9f5d5d49136e06cb9dc7d33689529f4
      url: "https://pub.dev"
    source: hosted
    version: "1.0.1"
  modal_bottom_sheet:
    dependency: "direct main"
    description:
      name: modal_bottom_sheet
      sha256: "99f2de943df227978049ddd611b36d98241cb27f360b8af8b561d64818d8da28"
      url: "https://pub.dev"
    source: hosted
    version: "2.0.1"
  nested:
    dependency: transitive
    description:
      name: nested
      sha256: "03bac4c528c64c95c722ec99280375a6f2fc708eec17c7b3f07253b626cd2a20"
      url: "https://pub.dev"
    source: hosted
    version: "1.0.0"
  package_config:
    dependency: transitive
    description:
      name: package_config
      sha256: a4d5ede5ca9c3d88a2fef1147a078570c861714c806485c596b109819135bc12
      url: "https://pub.dev"
    source: hosted
    version: "2.0.2"
  path:
    dependency: transitive
    description:
      name: path
      sha256: db9d4f58c908a4ba5953fcee2ae317c94889433e5024c27ce74a37f94267945b
      url: "https://pub.dev"
    source: hosted
    version: "1.8.2"
  path_drawing:
    dependency: transitive
    description:
      name: path_drawing
      sha256: "3bdd251dae9ffaef944450b73f168610db7e968e7b20daf0c3907f8b4aafc8a2"
      url: "https://pub.dev"
    source: hosted
    version: "0.5.1+1"
  path_parsing:
    dependency: transitive
    description:
      name: path_parsing
      sha256: ee5c47c1058ad66b4a41746ec3996af9593d0858872807bcd64ac118f0700337
      url: "https://pub.dev"
    source: hosted
    version: "0.2.1"
  path_provider:
    dependency: transitive
    description:
      name: path_provider
      sha256: e92dee4d38a9044605cb3fb253e9b46eb9375dfcad4515d0379b44ac90797568
      url: "https://pub.dev"
    source: hosted
    version: "2.0.9"
  path_provider_android:
    dependency: transitive
    description:
      name: path_provider_android
      sha256: "8b759fb6c74955931e87f550cc9e890b0cccb7ef8e710943973efeaa9695c54d"
      url: "https://pub.dev"
    source: hosted
    version: "2.0.12"
  path_provider_ios:
    dependency: transitive
    description:
      name: path_provider_ios
      sha256: "943b76e54056386432cdc2731cb303e2f580346b61a1fc73819721767be72309"
      url: "https://pub.dev"
    source: hosted
    version: "2.0.8"
  path_provider_linux:
    dependency: transitive
    description:
      name: path_provider_linux
      sha256: "1e109f4df28bd95eab71e323008b53d19c4d633bc1ab05b577518773474e9621"
      url: "https://pub.dev"
    source: hosted
    version: "2.1.5"
  path_provider_macos:
    dependency: transitive
    description:
      name: path_provider_macos
      sha256: "0adeb313e1f2c3fc52baeeee59b0fe9c2d1f7da56fd96a9234e1702ec653a453"
      url: "https://pub.dev"
    source: hosted
    version: "2.0.5"
  path_provider_platform_interface:
    dependency: transitive
    description:
      name: path_provider_platform_interface
      sha256: "3dc0d51b07f85fec3746d9f4e8d31c73bb173cafa2e763f03f8df2e8d1878882"
      url: "https://pub.dev"
    source: hosted
    version: "2.0.3"
  path_provider_windows:
    dependency: transitive
    description:
      name: path_provider_windows
      sha256: "366ad4e3541ea707f859e7148d4d5aba67d589d7936cee04a05c464a277eeb27"
      url: "https://pub.dev"
    source: hosted
    version: "2.0.5"
  petitparser:
    dependency: transitive
    description:
      name: petitparser
      sha256: "2ebb289dc4764ec397f5cd3ca9881c6d17196130a7d646ed022a0dd9c2e25a71"
      url: "https://pub.dev"
    source: hosted
    version: "5.0.0"
  platform:
    dependency: transitive
    description:
      name: platform
      sha256: "4a451831508d7d6ca779f7ac6e212b4023dd5a7d08a27a63da33756410e32b76"
      url: "https://pub.dev"
    source: hosted
    version: "3.1.0"
  plugin_platform_interface:
    dependency: transitive
    description:
      name: plugin_platform_interface
      sha256: "075f927ebbab4262ace8d0b283929ac5410c0ac4e7fc123c76429564facfb757"
      url: "https://pub.dev"
    source: hosted
    version: "2.1.2"
  pool:
    dependency: transitive
    description:
      name: pool
      sha256: "05955e3de2683e1746222efd14b775df7131139e07695dc8e24650f6b4204504"
      url: "https://pub.dev"
    source: hosted
    version: "1.5.0"
  pretty_dio_logger:
    dependency: "direct main"
    description:
      name: pretty_dio_logger
      sha256: "948f7eeb36e7aa0760b51c1a8e3331d4b21e36fabd39efca81f585ed93893544"
      url: "https://pub.dev"
    source: hosted
    version: "1.2.0-beta-1"
  process:
    dependency: transitive
    description:
      name: process
      sha256: "53fd8db9cec1d37b0574e12f07520d582019cb6c44abf5479a01505099a34a09"
      url: "https://pub.dev"
    source: hosted
    version: "4.2.4"
  provider:
    dependency: transitive
    description:
      name: provider
      sha256: "59471e0a4595e264625d3496af567ac85bdae1148ec985aff1e0555786f53ecf"
      url: "https://pub.dev"
    source: hosted
    version: "5.0.0"
  pub_semver:
    dependency: transitive
    description:
      name: pub_semver
      sha256: "816c1a640e952d213ddd223b3e7aafae08cd9f8e1f6864eed304cc13b0272b07"
      url: "https://pub.dev"
    source: hosted
    version: "2.1.1"
  pubspec_parse:
    dependency: transitive
    description:
      name: pubspec_parse
      sha256: "358c5ce09744e0e08b3f5f38c53d7d26a8219dd641718f8500f49cfa56240358"
      url: "https://pub.dev"
    source: hosted
    version: "1.0.0"
  quiver:
    dependency: transitive
    description:
      name: quiver
      sha256: "616b691d1c8f5c53b7b39ce3542f6a25308d7900bf689d0210e72a644a10387e"
      url: "https://pub.dev"
    source: hosted
    version: "3.0.1+1"
  redux:
    dependency: "direct main"
    description:
      name: redux
      sha256: "1e86ed5b1a9a717922d0a0ca41f9bf49c1a587d50050e9426fc65b14e85ec4d7"
      url: "https://pub.dev"
    source: hosted
    version: "5.0.0"
  retrofit:
    dependency: "direct main"
    description:
      name: retrofit
      sha256: cd155fbd9c8e8db955d7b43ee97ed42146fe4b78a514e8a1394f7f4264634011
      url: "https://pub.dev"
    source: hosted
    version: "3.0.1"
  retrofit_generator:
    dependency: "direct dev"
    description:
      name: retrofit_generator
      sha256: b658df8fecf155163c0f56e1d8f233182f667d1eefae4903974192ea1e5f20ce
      url: "https://pub.dev"
    source: hosted
    version: "4.0.1"
  rxdart:
    dependency: "direct main"
    description:
      name: rxdart
      sha256: e59cd2626a88e4543d5940fa3e128219fb747bf8cac1793cd0c4ed8243e853d9
      url: "https://pub.dev"
    source: hosted
    version: "0.27.1"
  shelf:
    dependency: transitive
    description:
      name: shelf
      sha256: "4592f6cb6c417632ebdfb63e4db42a7e3ad49d1bd52d9f93b6eb883035ddc0c3"
      url: "https://pub.dev"
    source: hosted
    version: "1.3.0"
  shelf_web_socket:
    dependency: transitive
    description:
      name: shelf_web_socket
      sha256: fd84910bf7d58db109082edf7326b75322b8f186162028482f53dc892f00332d
      url: "https://pub.dev"
    source: hosted
    version: "1.0.1"
  sign_in_with_apple:
    dependency: "direct main"
    description:
      name: sign_in_with_apple
      sha256: "54791280a9b4c233c3a85027c936690f77e2406fd0ffd6e1e0ac92338448d6b5"
      url: "https://pub.dev"
    source: hosted
    version: "3.3.0"
  sign_in_with_apple_platform_interface:
    dependency: transitive
    description:
      name: sign_in_with_apple_platform_interface
      sha256: a5883edee09ed6be19de19e7d9f618a617fe41a6fa03f76d082dfb787e9ea18d
      url: "https://pub.dev"
    source: hosted
    version: "1.0.0"
  sign_in_with_apple_web:
    dependency: transitive
    description:
      name: sign_in_with_apple_web
      sha256: "44b66528f576e77847c14999d5e881e17e7223b7b0625a185417829e5306f47a"
      url: "https://pub.dev"
    source: hosted
    version: "1.0.1"
  sky_engine:
    dependency: transitive
    description: flutter
    source: sdk
    version: "0.0.99"
  source_gen:
    dependency: transitive
    description:
      name: source_gen
      sha256: d5aa894fcfa327e19196d6f4f733597a10b42a7e55c8cb2b0dd60d7e7d27dccf
      url: "https://pub.dev"
    source: hosted
    version: "1.2.1"
  source_helper:
    dependency: transitive
    description:
      name: source_helper
      sha256: bff606c07bddcabef6b06ad6d90eee3bc5f7adbbf48c2939963145b004b5b8b3
      url: "https://pub.dev"
    source: hosted
    version: "1.3.1"
  source_span:
    dependency: transitive
    description:
      name: source_span
      sha256: dd904f795d4b4f3b870833847c461801f6750a9fa8e61ea5ac53f9422b31f250
      url: "https://pub.dev"
    source: hosted
    version: "1.9.1"
  stack_trace:
    dependency: transitive
    description:
      name: stack_trace
      sha256: c3c7d8edb15bee7f0f74debd4b9c5f3c2ea86766fe4178eb2a18eb30a0bdaed5
      url: "https://pub.dev"
    source: hosted
    version: "1.11.0"
  stream_channel:
    dependency: transitive
    description:
      name: stream_channel
      sha256: "83615bee9045c1d322bbbd1ba209b7a749c2cbcdcb3fdd1df8eb488b3279c1c8"
      url: "https://pub.dev"
    source: hosted
    version: "2.1.1"
  stream_transform:
    dependency: transitive
    description:
      name: stream_transform
      sha256: ed464977cb26a1f41537e177e190c67223dbd9f4f683489b6ab2e5d211ec564e
      url: "https://pub.dev"
    source: hosted
    version: "2.0.0"
  string_scanner:
    dependency: transitive
    description:
      name: string_scanner
      sha256: "556692adab6cfa87322a115640c11f13cb77b3f076ddcc5d6ae3c20242bedcde"
      url: "https://pub.dev"
    source: hosted
    version: "1.2.0"
  term_glyph:
    dependency: transitive
    description:
      name: term_glyph
      sha256: a29248a84fbb7c79282b40b8c72a1209db169a2e0542bce341da992fe1bc7e84
      url: "https://pub.dev"
    source: hosted
    version: "1.2.1"
  test_api:
    dependency: transitive
    description:
      name: test_api
      sha256: ad540f65f92caa91bf21dfc8ffb8c589d6e4dc0c2267818b4cc2792857706206
      url: "https://pub.dev"
    source: hosted
    version: "0.4.16"
  timing:
    dependency: transitive
    description:
      name: timing
      sha256: c386d07d7f5efc613479a7c4d9d64b03710b03cfaa7e8ad5f2bfb295a1f0dfad
      url: "https://pub.dev"
    source: hosted
    version: "1.0.0"
  tuple:
    dependency: transitive
    description:
      name: tuple
      sha256: fe3ae4f0dca3f9aac0888e2e0d117b642ce283a82d7017b54136290c0a3b0dd3
      url: "https://pub.dev"
    source: hosted
    version: "2.0.0"
  typed_data:
    dependency: transitive
    description:
      name: typed_data
      sha256: "53bdf7e979cfbf3e28987552fd72f637e63f3c8724c9e56d9246942dc2fa36ee"
      url: "https://pub.dev"
    source: hosted
    version: "1.3.0"
  universal_html:
    dependency: transitive
    description:
      name: universal_html
      sha256: "5ff50b7c14d201421cf5230ec389a0591c4deb5c817c9d7ccca3b26fe5f31e34"
      url: "https://pub.dev"
    source: hosted
    version: "2.0.8"
  universal_io:
    dependency: transitive
    description:
      name: universal_io
      sha256: "79f78ddad839ee3aae3ec7c01eb4575faf0d5c860f8e5223bc9f9c17f7f03cef"
      url: "https://pub.dev"
    source: hosted
    version: "2.0.4"
  vector_math:
    dependency: transitive
    description:
      name: vector_math
      sha256: "80b3257d1492ce4d091729e3a67a60407d227c27241d6927be0130c98e741803"
      url: "https://pub.dev"
    source: hosted
    version: "2.1.4"
  watcher:
    dependency: transitive
    description:
      name: watcher
      sha256: e42dfcc48f67618344da967b10f62de57e04bae01d9d3af4c2596f3712a88c99
      url: "https://pub.dev"
    source: hosted
    version: "1.0.1"
  web_socket_channel:
    dependency: transitive
    description:
      name: web_socket_channel
      sha256: "0c2ada1b1aeb2ad031ca81872add6be049b8cb479262c6ad3c4b0f9c24eaab2f"
      url: "https://pub.dev"
    source: hosted
    version: "2.1.0"
  win32:
    dependency: transitive
    description:
      name: win32
      sha256: "1709e736470cadbeefb717fb7936d014132d8a818de40f4be2f549a92ba50e82"
      url: "https://pub.dev"
    source: hosted
    version: "2.5.1"
  xdg_directories:
    dependency: transitive
    description:
      name: xdg_directories
      sha256: "060b6e1c891d956f72b5ac9463466c37cce3fa962a921532fc001e86fe93438e"
      url: "https://pub.dev"
    source: hosted
    version: "0.2.0+1"
  xml:
    dependency: transitive
    description:
      name: xml
      sha256: "80d494c09849dc3f899d227a78c30c5b949b985ededf884cb3f3bcd39f4b447a"
      url: "https://pub.dev"
    source: hosted
    version: "5.4.1"
  yaml:
    dependency: transitive
    description:
      name: yaml
      sha256: "3cee79b1715110341012d27756d9bae38e650588acd38d3f3c610822e1337ace"
      url: "https://pub.dev"
    source: hosted
    version: "3.1.0"
sdks:
  dart: ">=2.18.0 <3.0.0"
  flutter: ">=2.8.0"
